
Microsoft Visual Studio Solution File, Format Version 12.00
# Visual Studio Version 17
VisualStudioVersion = 17.14.36401.2
MinimumVisualStudioVersion = 10.0.40219.1
Project("{FAE04EC0-301F-11D3-BF4B-00C04F79EFBC}") = "TraversalCoreProject", "TraversalCoreProject\TraversalCoreProject.csproj", "{150E6CB8-44B7-4956-88DC-C5D6DDC2C773}"
EndProject
Project("{FAE04EC0-301F-11D3-BF4B-00C04F79EFBC}") = "EntityLayer", "EntityLayer\EntityLayer.csproj", "{B4935E6B-6258-4BD2-B625-8BB607B74BDD}"
EndProject
Project("{FAE04EC0-301F-11D3-BF4B-00C04F79EFBC}") = "DataAccessLayer", "DataAccessLayer\DataAccessLayer.csproj", "{BD6BA3A0-1F4A-4B70-B30B-C24A5C9AACA3}"
EndProject
Project("{FAE04EC0-301F-11D3-BF4B-00C04F79EFBC}") = "BusinessLayer", "BusinessLayer\BusinessLayer.csproj", "{B649C882-00DA-430B-92A8-A467D25294E2}"
EndProject
Project("{FAE04EC0-301F-11D3-BF4B-00C04F79EFBC}") = "DTOLayer", "DTOLayer\DTOLayer.csproj", "{89533359-8E61-4B2F-A28B-4BB89F7E5DEA}"
EndProject
Project("{FAE04EC0-301F-11D3-BF4B-00C04F79EFBC}") = "SignalRApi", "SignalRApi\SignalRApi.csproj", "{444B4333-F89A-458C-B3EA-69607C5704A6}"
EndProject
Project("{FAE04EC0-301F-11D3-BF4B-00C04F79EFBC}") = "SignalRConsume", "SignalRConsume\SignalRConsume.csproj", "{EEA3061A-74D1-4228-836B-AADB0DAAB604}"
EndProject
Project("{FAE04EC0-301F-11D3-BF4B-00C04F79EFBC}") = "SignalRApiForSql", "SignalRApiSql\SignalRApiForSql.csproj", "{43D13A48-0B64-4601-8228-13A0B64A3AAA}"
EndProject
Global
	GlobalSection(SolutionConfigurationPlatforms) = preSolution
		Debug|Any CPU = Debug|Any CPU
		Release|Any CPU = Release|Any CPU
	EndGlobalSection
	GlobalSection(ProjectConfigurationPlatforms) = postSolution
		{150E6CB8-44B7-4956-88DC-C5D6DDC2C773}.Debug|Any CPU.ActiveCfg = Debug|Any CPU
		{150E6CB8-44B7-4956-88DC-C5D6DDC2C773}.Debug|Any CPU.Build.0 = Debug|Any CPU
		{150E6CB8-44B7-4956-88DC-C5D6DDC2C773}.Release|Any CPU.ActiveCfg = Release|Any CPU
		{150E6CB8-44B7-4956-88DC-C5D6DDC2C773}.Release|Any CPU.Build.0 = Release|Any CPU
		{B4935E6B-6258-4BD2-B625-8BB607B74BDD}.Debug|Any CPU.ActiveCfg = Debug|Any CPU
		{B4935E6B-6258-4BD2-B625-8BB607B74BDD}.Debug|Any CPU.Build.0 = Debug|Any CPU
		{B4935E6B-6258-4BD2-B625-8BB607B74BDD}.Release|Any CPU.ActiveCfg = Release|Any CPU
		{B4935E6B-6258-4BD2-B625-8BB607B74BDD}.Release|Any CPU.Build.0 = Release|Any CPU
		{BD6BA3A0-1F4A-4B70-B30B-C24A5C9AACA3}.Debug|Any CPU.ActiveCfg = Debug|Any CPU
		{BD6BA3A0-1F4A-4B70-B30B-C24A5C9AACA3}.Debug|Any CPU.Build.0 = Debug|Any CPU
		{BD6BA3A0-1F4A-4B70-B30B-C24A5C9AACA3}.Release|Any CPU.ActiveCfg = Release|Any CPU
		{BD6BA3A0-1F4A-4B70-B30B-C24A5C9AACA3}.Release|Any CPU.Build.0 = Release|Any CPU
		{B649C882-00DA-430B-92A8-A467D25294E2}.Debug|Any CPU.ActiveCfg = Debug|Any CPU
		{B649C882-00DA-430B-92A8-A467D25294E2}.Debug|Any CPU.Build.0 = Debug|Any CPU
		{B649C882-00DA-430B-92A8-A467D25294E2}.Release|Any CPU.ActiveCfg = Release|Any CPU
		{B649C882-00DA-430B-92A8-A467D25294E2}.Release|Any CPU.Build.0 = Release|Any CPU
		{89533359-8E61-4B2F-A28B-4BB89F7E5DEA}.Debug|Any CPU.ActiveCfg = Debug|Any CPU
		{89533359-8E61-4B2F-A28B-4BB89F7E5DEA}.Debug|Any CPU.Build.0 = Debug|Any CPU
		{89533359-8E61-4B2F-A28B-4BB89F7E5DEA}.Release|Any CPU.ActiveCfg = Release|Any CPU
		{89533359-8E61-4B2F-A28B-4BB89F7E5DEA}.Release|Any CPU.Build.0 = Release|Any CPU
		{444B4333-F89A-458C-B3EA-69607C5704A6}.Debug|Any CPU.ActiveCfg = Debug|Any CPU
		{444B4333-F89A-458C-B3EA-69607C5704A6}.Debug|Any CPU.Build.0 = Debug|Any CPU
		{444B4333-F89A-458C-B3EA-69607C5704A6}.Release|Any CPU.ActiveCfg = Release|Any CPU
		{444B4333-F89A-458C-B3EA-69607C5704A6}.Release|Any CPU.Build.0 = Release|Any CPU
		{EEA3061A-74D1-4228-836B-AADB0DAAB604}.Debug|Any CPU.ActiveCfg = Debug|Any CPU
		{EEA3061A-74D1-4228-836B-AADB0DAAB604}.Debug|Any CPU.Build.0 = Debug|Any CPU
		{EEA3061A-74D1-4228-836B-AADB0DAAB604}.Release|Any CPU.ActiveCfg = Release|Any CPU
		{EEA3061A-74D1-4228-836B-AADB0DAAB604}.Release|Any CPU.Build.0 = Release|Any CPU
		{43D13A48-0B64-4601-8228-13A0B64A3AAA}.Debug|Any CPU.ActiveCfg = Debug|Any CPU
		{43D13A48-0B64-4601-8228-13A0B64A3AAA}.Debug|Any CPU.Build.0 = Debug|Any CPU
		{43D13A48-0B64-4601-8228-13A0B64A3AAA}.Release|Any CPU.ActiveCfg = Release|Any CPU
		{43D13A48-0B64-4601-8228-13A0B64A3AAA}.Release|Any CPU.Build.0 = Release|Any CPU
	EndGlobalSection
	GlobalSection(SolutionProperties) = preSolution
		HideSolutionNode = FALSE
	EndGlobalSection
	GlobalSection(ExtensibilityGlobals) = postSolution
		SolutionGuid = {CB0278F8-59A3-4DCB-A4CA-B712E55D8F9F}
	EndGlobalSection
EndGlobal
